PODS:
  - Alamofire (5.1.0)
  - AlamofireImage (4.1.0):
    - Alamofire (~> 5.1)
  - FloatRatingView (4.0)
  - GCDWebServer (3.5.3):
    - GCDWebServer/Core (= 3.5.3)
  - GCDWebServer/Core (3.5.3)
  - google-cast-sdk-no-bluetooth (4.4.7):
    - google-cast-sdk-no-bluetooth/Core (= 4.4.7)
    - Protobuf (~> 3.0)
  - google-cast-sdk-no-bluetooth/Core (4.4.7):
    - Protobuf (~> 3.0)
  - Locksmith (4.0.0)
  - MarqueeLabel (4.0.2)
  - MBCircularProgressBar (0.3.5)
  - MobileVLCKit (3.3.10)
  - ObjectMapper (3.5.2)
  - OBSlider (1.1.1)
  - PopcornTorrent (1.3.15):
    - GCDWebServer (~> 3.5.0)
  - Protobuf (3.11.4)
  - Reachability (3.2)
  - SwiftyJSON (5.0.0)
  - SwiftyTimer (2.1.1)
  - TvOSMoreButton (1.3.0)
  - TVVLCKit (3.3.10)
  - XCDYouTubeKit (2.12.0)

DEPENDENCIES:
  - Alamofire (~> 5.1.0)
  - AlamofireImage (~> 4.1.0)
  - FloatRatingView (~> 4.0)
  - google-cast-sdk-no-bluetooth (~> 4.4.7)
  - Locksmith (~> 4.0.0)
  - MarqueeLabel (~> 4.0.2)
  - MBCircularProgressBar (~> 0.3.5-1)
  - MobileVLCKit (~> 3.3.10)
  - ObjectMapper (~> 3.5.2)
  - OBSlider (~> 1.1.1)
  - PopcornTorrent (~> 1.3.15)
  - Reachability (from `https://github.com/tonymillion/Reachability`)
  - SwiftyJSON (~> 5.0.0)
  - SwiftyTimer (from `https://github.com/radianttap/SwiftyTimer`, branch `swift5`)
  - TvOSMoreButton (~> 1.3.0)
  - TVVLCKit (~> 3.3.10)
  - XCDYouTubeKit (~> 2.12.0)

SPEC REPOS:
  https://github.com/CocoaPods/Specs.git:
    - Alamofire
    - AlamofireImage
    - FloatRatingView
    - GCDWebServer
    - google-cast-sdk-no-bluetooth
    - Locksmith
    - MarqueeLabel
    - MobileVLCKit
    - ObjectMapper
    - OBSlider
    - Protobuf
    - SwiftyJSON
    - TvOSMoreButton
    - TVVLCKit
    - XCDYouTubeKit
  https://github.com/PopcornTimeTV/Specs:
    - MBCircularProgressBar
    - PopcornTorrent

EXTERNAL SOURCES:
  Reachability:
    :git: https://github.com/tonymillion/Reachability
  SwiftyTimer:
    :branch: swift5
    :git: https://github.com/radianttap/SwiftyTimer

CHECKOUT OPTIONS:
  Reachability:
    :commit: 788111ebf98e86368cd03da17f884015d2fc1543
    :git: https://github.com/tonymillion/Reachability
  SwiftyTimer:
    :commit: a1a82caf671f8628c959cf9e175744c4ef4d5d06
    :git: https://github.com/radianttap/SwiftyTimer

SPEC CHECKSUMS:
  Alamofire: 9d5c5f602928e512395b30950c5984eca840093c
  AlamofireImage: c4a2ba349885fb3064feb74d2e547bd42ce9be10
  FloatRatingView: bb6bdddfbeec51b1d387b4bd50abc27b4dfccd48
  GCDWebServer: c0ab22c73e1b84f358d1e2f74bf6afd1c60829f2
  google-cast-sdk-no-bluetooth: 197acace9d5a78380bdaef8d45439b2250fa050b
  Locksmith: e9bebbaaa4cee3c511bc358a44f843c3fe00e21f
  MarqueeLabel: f762aa681ae201f66c1d511858b171f75d83013a
  MBCircularProgressBar: 29e6df5e8683ff2375a291792a5988a16dd78c8e
  MobileVLCKit: 34a4d22c48ea48a36c2a6fdf290d4ea094869ac0
  ObjectMapper: b53ae947d370bf89423e86be7d4e2d2b2a8d3f40
  OBSlider: 38853ebbb9cc6978a9b7ddc0d4f525588e8bb294
  PopcornTorrent: 343ff0e04ba370764a9cf27c35685463f7428b90
  Protobuf: 176220c526ad8bd09ab1fb40a978eac3fef665f7
  Reachability: 07e976fb63651163096e04b1528d4d29a4a212aa
  SwiftyJSON: 36413e04c44ee145039d332b4f4e2d3e8d6c4db7
  SwiftyTimer: e5bee059771ccb4af4f3a6cef4b50d12a7f26bd9
  TvOSMoreButton: 293f34e3db5e4e8876ccb110632b40f9318dec7d
  TVVLCKit: f638dcaf37a6ba4027161cbc27be86f0cb02d2f7
  XCDYouTubeKit: cdad9e696f991aac2739c5b25586c81f1301ba30

PODFILE CHECKSUM: 90f13fc59f9d976956ef222bf3943c15cec3fe11

COCOAPODS: 1.9.1
